
Microsoft Visual Studio Solution File, Format Version 12.00
# Visual Studio 15
VisualStudioVersion = 15.0.27130.2020
MinimumVisualStudioVersion = 10.0.40219.1
Project("{8BC9CEB8-8B4A-11D0-8D11-00A0C91BC942}") = "test", "test\test.vcxproj", "{4DC55CC1-9CB0-4428-BD55-3756EAF861DF}"
EndProject
Project("{8BC9CEB8-8B4A-11D0-8D11-00A0C91BC942}") = "ReconstructionFromFeature", "test2\test2.vcxproj", "{F4516889-56C6-4D5B-BD14-8F04882E7B75}"
EndProject
Project("{8BC9CEB8-8B4A-11D0-8D11-00A0C91BC942}") = "ProjectForPractice", "ProjectForPractice\ProjectForPractice.vcxproj", "{15337874-1792-4EC9-BF30-0348B3570BDD}"
EndProject
Global
	GlobalSection(SolutionConfigurationPlatforms) = preSolution
		Debug|x64 = Debug|x64
		Debug|x86 = Debug|x86
		Release|x64 = Release|x64
		Release|x86 = Release|x86
	EndGlobalSection
	GlobalSection(ProjectConfigurationPlatforms) = postSolution
		{4DC55CC1-9CB0-4428-BD55-3756EAF861DF}.Debug|x64.ActiveCfg = Debug|x64
		{4DC55CC1-9CB0-4428-BD55-3756EAF861DF}.Debug|x64.Build.0 = Debug|x64
		{4DC55CC1-9CB0-4428-BD55-3756EAF861DF}.Debug|x86.ActiveCfg = Debug|Win32
		{4DC55CC1-9CB0-4428-BD55-3756EAF861DF}.Debug|x86.Build.0 = Debug|Win32
		{4DC55CC1-9CB0-4428-BD55-3756EAF861DF}.Release|x64.ActiveCfg = Release|x64
		{4DC55CC1-9CB0-4428-BD55-3756EAF861DF}.Release|x64.Build.0 = Release|x64
		{4DC55CC1-9CB0-4428-BD55-3756EAF861DF}.Release|x86.ActiveCfg = Release|Win32
		{4DC55CC1-9CB0-4428-BD55-3756EAF861DF}.Release|x86.Build.0 = Release|Win32
		{F4516889-56C6-4D5B-BD14-8F04882E7B75}.Debug|x64.ActiveCfg = Debug|x64
		{F4516889-56C6-4D5B-BD14-8F04882E7B75}.Debug|x64.Build.0 = Debug|x64
		{F4516889-56C6-4D5B-BD14-8F04882E7B75}.Debug|x86.ActiveCfg = Debug|Win32
		{F4516889-56C6-4D5B-BD14-8F04882E7B75}.Debug|x86.Build.0 = Debug|Win32
		{F4516889-56C6-4D5B-BD14-8F04882E7B75}.Release|x64.ActiveCfg = Release|x64
		{F4516889-56C6-4D5B-BD14-8F04882E7B75}.Release|x64.Build.0 = Release|x64
		{F4516889-56C6-4D5B-BD14-8F04882E7B75}.Release|x86.ActiveCfg = Release|Win32
		{F4516889-56C6-4D5B-BD14-8F04882E7B75}.Release|x86.Build.0 = Release|Win32
		{15337874-1792-4EC9-BF30-0348B3570BDD}.Debug|x64.ActiveCfg = Debug|x64
		{15337874-1792-4EC9-BF30-0348B3570BDD}.Debug|x64.Build.0 = Debug|x64
		{15337874-1792-4EC9-BF30-0348B3570BDD}.Debug|x86.ActiveCfg = Debug|Win32
		{15337874-1792-4EC9-BF30-0348B3570BDD}.Debug|x86.Build.0 = Debug|Win32
		{15337874-1792-4EC9-BF30-0348B3570BDD}.Release|x64.ActiveCfg = Release|x64
		{15337874-1792-4EC9-BF30-0348B3570BDD}.Release|x64.Build.0 = Release|x64
		{15337874-1792-4EC9-BF30-0348B3570BDD}.Release|x86.ActiveCfg = Release|Win32
		{15337874-1792-4EC9-BF30-0348B3570BDD}.Release|x86.Build.0 = Release|Win32
	EndGlobalSection
	GlobalSection(SolutionProperties) = preSolution
		HideSolutionNode = FALSE
	EndGlobalSection
	GlobalSection(ExtensibilityGlobals) = postSolution
		SolutionGuid = {5D43613A-F76C-406B-AAC2-18E1B30FBF85}
	EndGlobalSection
EndGlobal
